// !$*UTF8*$!
{
	archiveVersion = 1;
	classes = {
	};
	objectVersion = 77;
	objects = {

/* Begin PBXBuildFile section */
		BECF278D2FCDD95A004980A1 /* Swinject in Frameworks */ = {isa = PBXBuildFile; productRef = BECF278C2FCDD95A004980A1 /* Swinject */; };
		BECF27902FCDD96B004980A1 /* Alamofire in Frameworks */ = {isa = PBXBuildFile; productRef = BECF278F2FCDD96B004980A1 /* Alamofire */; };
		BECF27CE2FCDDAE1004980A1 /* SDWebImageSwiftUI in Frameworks */ = {isa = PBXBuildFile; productRef = BECF27CD2FCDDAE1004980A1 /* SDWebImageSwiftUI */; };
/* End PBXBuildFile section */

/* Begin PBXContainerItemProxy section */
		BECF275E2FCDC908004980A1 /* PBXContainerItemProxy */ = {
			isa = PBXContainerItemProxy;
			containerPortal = BECF27462FCDC905004980A1 /* Project object */;
			proxyType = 1;
			remoteGlobalIDString = BECF274D2FCDC905004980A1;
			remoteInfo = ClimaSwift;
		};
		BECF27682FCDC908004980A1 /* PBXContainerItemProxy */ = {
			isa = PBXContainerItemProxy;
			containerPortal = BECF27462FCDC905004980A1 /* Project object */;
			proxyType = 1;
			remoteGlobalIDString = BECF274D2FCDC905004980A1;
			remoteInfo = ClimaSwift;
		};
/* End PBXContainerItemProxy section */

/* Begin PBXFileReference section */
		BECF274E2FCDC905004980A1 /* ClimaSwift.app */ = {isa = PBXFileReference; explicitFileType = wrapper.application; includeInIndex = 0; path = ClimaSwift.app; sourceTree = BUILT_PRODUCTS_DIR; };
		BECF275D2FCDC908004980A1 /* ClimaSwiftTests.xctest */ = {isa = PBXFileReference; explicitFileType = wrapper.cfbundle; includeInIndex = 0; path = ClimaSwiftTests.xctest; sourceTree = BUILT_PRODUCTS_DIR; };
		BECF27672FCDC908004980A1 /* ClimaSwiftUITests.xctest */ = {isa = PBXFileReference; explicitFileType = wrapper.cfbundle; includeInIndex = 0; path = ClimaSwiftUITests.xctest; sourceTree = BUILT_PRODUCTS_DIR; };
/* End PBXFileReference section */

/* Begin PBXFileSystemSynchronizedRootGroup section */
		BECF27502FCDC905004980A1 /* ClimaSwift */ = {
			isa = PBXFileSystemSynchronizedRootGroup;
			path = ClimaSwift;
			sourceTree = "<group>";
		};
		BECF27602FCDC908004980A1 /* ClimaSwiftTests */ = {
			isa = PBXFileSystemSynchronizedRootGroup;
			path = ClimaSwiftTests;
			sourceTree = "<group>";
		};
		BECF276A2FCDC908004980A1 /* ClimaSwiftUITests */ = {
			isa = PBXFileSystemSynchronizedRootGroup;
			path = ClimaSwiftUITests;
			sourceTree = "<group>";
		};
/* End PBXFileSystemSynchronizedRootGroup section */

/* Begin PBXFrameworksBuildPhase section */
		BECF274B2FCDC905004980A1 /* Frameworks */ = {
			isa = PBXFrameworksBuildPhase;
			buildActionMask = 2147483647;
			files = (
				BECF27CE2FCDDAE1004980A1 /* SDWebImageSwiftUI in Frameworks */,
				BECF278D2FCDD95A004980A1 /* Swinject in Frameworks */,
				BECF27902FCDD96B004980A1 /* Alamofire in Frameworks */,
			);
			runOnlyForDeploymentPostprocessing = 0;
		};
		BECF275A2FCDC908004980A1 /* Frameworks */ = {
			isa = PBXFrameworksBuildPhase;
			buildActionMask = 2147483647;
			files = (
			);
			runOnlyForDeploymentPostprocessing = 0;
		};
		BECF27642FCDC908004980A1 /* Frameworks */ = {
			isa = PBXFrameworksBuildPhase;
			buildActionMask = 2147483647;
			files = (
			);
			runOnlyForDeploymentPostprocessing = 0;
		};
/* End PBXFrameworksBuildPhase section */

/* Begin PBXGroup section */
		BECF27452FCDC905004980A1 = {
			isa = PBXGroup;
			children = (
				BECF27502FCDC905004980A1 /* ClimaSwift */,
				BECF27602FCDC908004980A1 /* ClimaSwiftTests */,
				BECF276A2FCDC908004980A1 /* ClimaSwiftUITests */,
				BECF274F2FCDC905004980A1 /* Products */,
			);
			sourceTree = "<group>";
		};
		BECF274F2FCDC905004980A1 /* Products */ = {
			isa = PBXGroup;
			children = (
				BECF274E2FCDC905004980A1 /* ClimaSwift.app */,
				BECF275D2FCDC908004980A1 /* ClimaSwiftTests.xctest */,
				BECF27672FCDC908004980A1 /* ClimaSwiftUITests.xctest */,
			);
			name = Products;
			sourceTree = "<group>";
		};
/* End PBXGroup section */

/* Begin PBXNativeTarget section */
		BECF274D2FCDC905004980A1 /* ClimaSwift */ = {
			isa = PBXNativeTarget;
			buildConfigurationList = BECF27712FCDC908004980A1 /* Build configuration list for PBXNativeTarget "ClimaSwift" */;
			buildPhases = (
				BECF274A2FCDC905004980A1 /* Sources */,
				BECF274B2FCDC905004980A1 /* Frameworks */,
				BECF274C2FCDC905004980A1 /* Resources */,
			);
			buildRules = (
			);
			dependencies = (
			);
			fileSystemSynchronizedGroups = (
				BECF27502FCDC905004980A1 /* ClimaSwift */,
			);
			name = ClimaSwift;
			packageProductDependencies = (
				BECF278C2FCDD95A004980A1 /* Swinject */,
				BECF278F2FCDD96B004980A1 /* Alamofire */,
				BECF27CD2FCDDAE1004980A1 /* SDWebImageSwiftUI */,
			);
			productName = ClimaSwift;
			productReference = BECF274E2FCDC905004980A1 /* ClimaSwift.app */;
			productType = "com.apple.product-type.application";
		};
		BECF275C2FCDC908004980A1 /* ClimaSwiftTests */ = {
			isa = PBXNativeTarget;
			buildConfigurationList = BECF27742FCDC908004980A1 /* Build configuration list for PBXNativeTarget "ClimaSwiftTests" */;
			buildPhases = (
				BECF27592FCDC908004980A1 /* Sources */,
				BECF275A2FCDC908004980A1 /* Frameworks */,
				BECF275B2FCDC908004980A1 /* Resources */,
			);
			buildRules = (
			);
			dependencies = (
				BECF275F2FCDC908004980A1 /* PBXTargetDependency */,
			);
			fileSystemSynchronizedGroups = (
				BECF27602FCDC908004980A1 /* ClimaSwiftTests */,
			);
			name = ClimaSwiftTests;
			packageProductDependencies = (
			);
			productName = ClimaSwiftTests;
			productReference = BECF275D2FCDC908004980A1 /* ClimaSwiftTests.xctest */;
			productType = "com.apple.product-type.bundle.unit-test";
		};
		BECF27662FCDC908004980A1 /* ClimaSwiftUITests */ = {
			isa = PBXNativeTarget;
			buildConfigurationList = BECF27772FCDC908004980A1 /* Build configuration list for PBXNativeTarget "ClimaSwiftUITests" */;
			buildPhases = (
				BECF27632FCDC908004980A1 /* Sources */,
				BECF27642FCDC908004980A1 /* Frameworks */,
				BECF27652FCDC908004980A1 /* Resources */,
			);
			buildRules = (
			);
			dependencies = (
				BECF27692FCDC908004980A1 /* PBXTargetDependency */,
			);
			fileSystemSynchronizedGroups = (
				BECF276A2FCDC908004980A1 /* ClimaSwiftUITests */,
			);
			name = ClimaSwiftUITests;
			packageProductDependencies = (
			);
			productName = ClimaSwiftUITests;
			productReference = BECF27672FCDC908004980A1 /* ClimaSwiftUITests.xctest */;
			productType = "com.apple.product-type.bundle.ui-testing";
		};
/* End PBXNativeTarget section */

/* Begin PBXProject section */
		BECF27462FCDC905004980A1 /* Project object */ = {
			isa = PBXProject;
			attributes = {
				BuildIndependentTargetsInParallel = 1;
				LastSwiftUpdateCheck = 1630;
				LastUpgradeCheck = 1630;
				TargetAttributes = {
					BECF274D2FCDC905004980A1 = {
						CreatedOnToolsVersion = 16.3;
					};
					BECF275C2FCDC908004980A1 = {
						CreatedOnToolsVersion = 16.3;
						TestTargetID = BECF274D2FCDC905004980A1;
					};
					BECF27662FCDC908004980A1 = {
						CreatedOnToolsVersion = 16.3;
						TestTargetID = BECF274D2FCDC905004980A1;
					};
				};
			};
			buildConfigurationList = BECF27492FCDC905004980A1 /* Build configuration list for PBXProject "ClimaSwift" */;
			developmentRegion = en;
			hasScannedForEncodings = 0;
			knownRegions = (
				en,
				Base,
			);
			mainGroup = BECF27452FCDC905004980A1;
			minimizedProjectReferenceProxies = 1;
			packageReferences = (
				BECF278B2FCDD95A004980A1 /* XCRemoteSwiftPackageReference "Swinject" */,
				BECF278E2FCDD96B004980A1 /* XCRemoteSwiftPackageReference "Alamofire" */,
				BECF27CC2FCDDAE1004980A1 /* XCRemoteSwiftPackageReference "SDWebImageSwiftUI" */,
			);
			preferredProjectObjectVersion = 77;
			productRefGroup = BECF274F2FCDC905004980A1 /* Products */;
			projectDirPath = "";
			projectRoot = "";
			targets = (
				BECF274D2FCDC905004980A1 /* ClimaSwift */,
				BECF275C2FCDC908004980A1 /* ClimaSwiftTests */,
				BECF27662FCDC908004980A1 /* ClimaSwiftUITests */,
			);
		};
/* End PBXProject section */

/* Begin PBXResourcesBuildPhase section */
		BECF274C2FCDC905004980A1 /* Resources */ = {
			isa = PBXResourcesBuildPhase;
			buildActionMask = 2147483647;
			files = (
			);
			runOnlyForDeploymentPostprocessing = 0;
		};
		BECF275B2FCDC908004980A1 /* Resources */ = {
			isa = PBXResourcesBuildPhase;
			buildActionMask = 2147483647;
			files = (
			);
			runOnlyForDeploymentPostprocessing = 0;
		};
		BECF27652FCDC908004980A1 /* Resources */ = {
			isa = PBXResourcesBuildPhase;
			buildActionMask = 2147483647;
			files = (
			);
			runOnlyForDeploymentPostprocessing = 0;
		};
/* End PBXResourcesBuildPhase section */

/* Begin PBXSourcesBuildPhase section */
		BECF274A2FCDC905004980A1 /* Sources */ = {
			isa = PBXSourcesBuildPhase;
			buildActionMask = 2147483647;
			files = (
			);
			runOnlyForDeploymentPostprocessing = 0;
		};
		BECF27592FCDC908004980A1 /* Sources */ = {
			isa = PBXSourcesBuildPhase;
			buildActionMask = 2147483647;
			files = (
			);
			runOnlyForDeploymentPostprocessing = 0;
		};
		BECF27632FCDC908004980A1 /* Sources */ = {
			isa = PBXSourcesBuildPhase;
			buildActionMask = 2147483647;
			files = (
			);
			runOnlyForDeploymentPostprocessing = 0;
		};
/* End PBXSourcesBuildPhase section */

/* Begin PBXTargetDependency section */
		BECF275F2FCDC908004980A1 /* PBXTargetDependency */ = {
			isa = PBXTargetDependency;
			target = BECF274D2FCDC905004980A1 /* ClimaSwift */;
			targetProxy = BECF275E2FCDC908004980A1 /* PBXContainerItemProxy */;
		};
		BECF27692FCDC908004980A1 /* PBXTargetDependency */ = {
			isa = PBXTargetDependency;
			target = BECF274D2FCDC905004980A1 /* ClimaSwift */;
			targetProxy = BECF27682FCDC908004980A1 /* PBXContainerItemProxy */;
		};
/* End PBXTargetDependency section */

/* Begin XCBuildConfiguration section */
		BECF276F2FCDC908004980A1 /* Debug */ = {
			isa = XCBuildConfiguration;
			buildSettings = {
				ALWAYS_SEARCH_USER_PATHS = NO;
				ASSETCATALOG_COMPILER_GENERATE_SWIFT_ASSET_SYMBOL_EXTENSIONS = YES;
				CLANG_ANALYZER_NONNULL = YES;
				CLANG_ANALYZER_NUMBER_OBJECT_CONVERSION = YES_AGGRESSIVE;
				CLANG_CXX_LANGUAGE_STANDARD = "gnu++20";
				CLANG_ENABLE_MODULES = YES;
				CLANG_ENABLE_OBJC_ARC = YES;
				CLANG_ENABLE_OBJC_WEAK = YES;
				CLANG_WARN_BLOCK_CAPTURE_AUTORELEASING = YES;
				CLANG_WARN_BOOL_CONVERSION = YES;
				CLANG_WARN_COMMA = YES;
				CLANG_WARN_CONSTANT_CONVERSION = YES;
				CLANG_WARN_DEPRECATED_OBJC_IMPLEMENTATIONS = YES;
				CLANG_WARN_DIRECT_OBJC_ISA_USAGE = YES_ERROR;
				CLANG_WARN_DOCUMENTATION_COMMENTS = YES;
				CLANG_WARN_EMPTY_BODY = YES;
				CLANG_WARN_ENUM_CONVERSION = YES;
				CLANG_WARN_INFINITE_RECURSION = YES;
				CLANG_WARN_INT_CONVERSION = YES;
				CLANG_WARN_NON_LITERAL_NULL_CONVERSION = YES;
				CLANG_WARN_OBJC_IMPLICIT_RETAIN_SELF = YES;
				CLANG_WARN_OBJC_LITERAL_CONVERSION = YES;
				CLANG_WARN_OBJC_ROOT_CLASS = YES_ERROR;
				CLANG_WARN_QUOTED_INCLUDE_IN_FRAMEWORK_HEADER = YES;
				CLANG_WARN_RANGE_LOOP_ANALYSIS = YES;
				CLANG_WARN_STRICT_PROTOTYPES = YES;
				CLANG_WARN_SUSPICIOUS_MOVE = YES;
				CLANG_WARN_UNGUARDED_AVAILABILITY = YES_AGGRESSIVE;
				CLANG_WARN_UNREACHABLE_CODE = YES;
				CLANG_WARN__DUPLICATE_METHOD_MATCH = YES;
				COPY_PHASE_STRIP = NO;
				DEBUG_INFORMATION_FORMAT = dwarf;
				ENABLE_STRICT_OBJC_MSGSEND = YES;
				ENABLE_TESTABILITY = YES;
				ENABLE_USER_SCRIPT_SANDBOXING = YES;
				GCC_C_LANGUAGE_STANDARD = gnu17;
				GCC_DYNAMIC_NO_PIC = NO;
				GCC_NO_COMMON_BLOCKS = YES;
				GCC_OPTIMIZATION_LEVEL = 0;
				GCC_PREPROCESSOR_DEFINITIONS = (
					"DEBUG=1",
					"$(inherited)",
				);
				GCC_WARN_64_TO_32_BIT_CONVERSION = YES;
				GCC_WARN_ABOUT_RETURN_TYPE = YES_ERROR;
				GCC_WARN_UNDECLARED_SELECTOR = YES;
				GCC_WARN_UNINITIALIZED_AUTOS = YES_AGGRESSIVE;
				GCC_WARN_UNUSED_FUNCTION = YES;
				GCC_WARN_UNUSED_VARIABLE = YES;
				IPHONEOS_DEPLOYMENT_TARGET = 18.4;
				LOCALIZATION_PREFERS_STRING_CATALOGS = YES;
				MTL_ENABLE_DEBUG_INFO = INCLUDE_SOURCE;
				MTL_FAST_MATH = YES;
				ONLY_ACTIVE_ARCH = YES;
				SDKROOT = iphoneos;
				SWIFT_ACTIVE_COMPILATION_CONDITIONS = "DEBUG $(inherited)";
				SWIFT_OPTIMIZATION_LEVEL = "-Onone";
			};
			name = Debug;
		};
		BECF27702FCDC908004980A1 /* Release */ = {
			isa = XCBuildConfiguration;
			buildSettings = {
				ALWAYS_SEARCH_USER_PATHS = NO;
				ASSETCATALOG_COMPILER_GENERATE_SWIFT_ASSET_SYMBOL_EXTENSIONS = YES;
				CLANG_ANALYZER_NONNULL = YES;
				CLANG_ANALYZER_NUMBER_OBJECT_CONVERSION = YES_AGGRESSIVE;
				CLANG_CXX_LANGUAGE_STANDARD = "gnu++20";
				CLANG_ENABLE_MODULES = YES;
				CLANG_ENABLE_OBJC_ARC = YES;
				CLANG_ENABLE_OBJC_WEAK = YES;
				CLANG_WARN_BLOCK_CAPTURE_AUTORELEASING = YES;
				CLANG_WARN_BOOL_CONVERSION = YES;
				CLANG_WARN_COMMA = YES;
				CLANG_WARN_CONSTANT_CONVERSION = YES;
				CLANG_WARN_DEPRECATED_OBJC_IMPLEMENTATIONS = YES;
				CLANG_WARN_DIRECT_OBJC_ISA_USAGE = YES_ERROR;
				CLANG_WARN_DOCUMENTATION_COMMENTS = YES;
				CLANG_WARN_EMPTY_BODY = YES;
				CLANG_WARN_ENUM_CONVERSION = YES;
				CLANG_WARN_INFINITE_RECURSION = YES;
				CLANG_WARN_INT_CONVERSION = YES;
				CLANG_WARN_NON_LITERAL_NULL_CONVERSION = YES;
				CLANG_WARN_OBJC_IMPLICIT_RETAIN_SELF = YES;
				CLANG_WARN_OBJC_LITERAL_CONVERSION = YES;
				CLANG_WARN_OBJC_ROOT_CLASS = YES_ERROR;
				CLANG_WARN_QUOTED_INCLUDE_IN_FRAMEWORK_HEADER = YES;
				CLANG_WARN_RANGE_LOOP_ANALYSIS = YES;
				CLANG_WARN_STRICT_PROTOTYPES = YES;
				CLANG_WARN_SUSPICIOUS_MOVE = YES;
				CLANG_WARN_UNGUARDED_AVAILABILITY = YES_AGGRESSIVE;
				CLANG_WARN_UNREACHABLE_CODE = YES;
				CLANG_WARN__DUPLICATE_METHOD_MATCH = YES;
				COPY_PHASE_STRIP = NO;
				DEBUG_INFORMATION_FORMAT = "dwarf-with-dsym";
				ENABLE_NS_ASSERTIONS = NO;
				ENABLE_STRICT_OBJC_MSGSEND = YES;
				ENABLE_USER_SCRIPT_SANDBOXING = YES;
				GCC_C_LANGUAGE_STANDARD = gnu17;
				GCC_NO_COMMON_BLOCKS = YES;
				GCC_WARN_64_TO_32_BIT_CONVERSION = YES;
				GCC_WARN_ABOUT_RETURN_TYPE = YES_ERROR;
				GCC_WARN_UNDECLARED_SELECTOR = YES;
				GCC_WARN_UNINITIALIZED_AUTOS = YES_AGGRESSIVE;
				GCC_WARN_UNUSED_FUNCTION = YES;
				GCC_WARN_UNUSED_VARIABLE = YES;
				IPHONEOS_DEPLOYMENT_TARGET = 18.4;
				LOCALIZATION_PREFERS_STRING_CATALOGS = YES;
				MTL_ENABLE_DEBUG_INFO = NO;
				MTL_FAST_MATH = YES;
				SDKROOT = iphoneos;
				SWIFT_COMPILATION_MODE = wholemodule;
				VALIDATE_PRODUCT = YES;
			};
			name = Release;
		};
		BECF27722FCDC908004980A1 /* Debug */ = {
			isa = XCBuildConfiguration;
			buildSettings = {
				ASSETCATALOG_COMPILER_APPICON_NAME = AppIcon;
				ASSETCATALOG_COMPILER_GLOBAL_ACCENT_COLOR_NAME = AccentColor;
				CODE_SIGN_STYLE = Automatic;
				CURRENT_PROJECT_VERSION = 1;
				ENABLE_PREVIEWS = YES;
				GENERATE_INFOPLIST_FILE = YES;
				INFOPLIST_KEY_UIApplicationSceneManifest_Generation = YES;
				INFOPLIST_KEY_UIApplicationSupportsIndirectInputEvents = YES;
				INFOPLIST_KEY_UILaunchScreen_Generation = YES;
				INFOPLIST_KEY_UISupportedInterfaceOrientations_iPad = "UIInterfaceOrientationPortrait UIInterfaceOrientationPortraitUpsideDown UIInterfaceOrientationLandscapeLeft UIInterfaceOrientationLandscapeRight";
				INFOPLIST_KEY_UISupportedInterfaceOrientations_iPhone = "UIInterfaceOrientationPortrait UIInterfaceOrientationLandscapeLeft UIInterfaceOrientationLandscapeRight";
				LD_RUNPATH_SEARCH_PATHS = (
					"$(inherited)",
					"@executable_path/Frameworks",
				);
				MARKETING_VERSION = 1.0;
				PRODUCT_BUNDLE_IDENTIFIER = "com.ITI-IOS.ClimaSwift";
				PRODUCT_NAME = "$(TARGET_NAME)";
				SWIFT_EMIT_LOC_STRINGS = YES;
				SWIFT_VERSION = 5.0;
				TARGETED_DEVICE_FAMILY = "1,2";
			};
			name = Debug;
		};
		BECF27732FCDC908004980A1 /* Release */ = {
			isa = XCBuildConfiguration;
			buildSettings = {
				ASSETCATALOG_COMPILER_APPICON_NAME = AppIcon;
				ASSETCATALOG_COMPILER_GLOBAL_ACCENT_COLOR_NAME = AccentColor;
				CODE_SIGN_STYLE = Automatic;
				CURRENT_PROJECT_VERSION = 1;
				ENABLE_PREVIEWS = YES;
				GENERATE_INFOPLIST_FILE = YES;
				INFOPLIST_KEY_UIApplicationSceneManifest_Generation = YES;
				INFOPLIST_KEY_UIApplicationSupportsIndirectInputEvents = YES;
				INFOPLIST_KEY_UILaunchScreen_Generation = YES;
				INFOPLIST_KEY_UISupportedInterfaceOrientations_iPad = "UIInterfaceOrientationPortrait UIInterfaceOrientationPortraitUpsideDown UIInterfaceOrientationLandscapeLeft UIInterfaceOrientationLandscapeRight";
				INFOPLIST_KEY_UISupportedInterfaceOrientations_iPhone = "UIInterfaceOrientationPortrait UIInterfaceOrientationLandscapeLeft UIInterfaceOrientationLandscapeRight";
				LD_RUNPATH_SEARCH_PATHS = (
					"$(inherited)",
					"@executable_path/Frameworks",
				);
				MARKETING_VERSION = 1.0;
				PRODUCT_BUNDLE_IDENTIFIER = "com.ITI-IOS.ClimaSwift";
				PRODUCT_NAME = "$(TARGET_NAME)";
				SWIFT_EMIT_LOC_STRINGS = YES;
				SWIFT_VERSION = 5.0;
				TARGETED_DEVICE_FAMILY = "1,2";
			};
			name = Release;
		};
		BECF27752FCDC908004980A1 /* Debug */ = {
			isa = XCBuildConfiguration;
			buildSettings = {
				BUNDLE_LOADER = "$(TEST_HOST)";
				CODE_SIGN_STYLE = Automatic;
				CURRENT_PROJECT_VERSION = 1;
				GENERATE_INFOPLIST_FILE = YES;
				IPHONEOS_DEPLOYMENT_TARGET = 18.4;
				MARKETING_VERSION = 1.0;
				PRODUCT_BUNDLE_IDENTIFIER = "com.ITI-IOS.ClimaSwiftTests";
				PRODUCT_NAME = "$(TARGET_NAME)";
				SWIFT_EMIT_LOC_STRINGS = NO;
				SWIFT_VERSION = 5.0;
				TARGETED_DEVICE_FAMILY = "1,2";
				TEST_HOST = "$(BUILT_PRODUCTS_DIR)/ClimaSwift.app/$(BUNDLE_EXECUTABLE_FOLDER_PATH)/ClimaSwift";
			};
			name = Debug;
		};
		BECF27762FCDC908004980A1 /* Release */ = {
			isa = XCBuildConfiguration;
			buildSettings = {
				BUNDLE_LOADER = "$(TEST_HOST)";
				CODE_SIGN_STYLE = Automatic;
				CURRENT_PROJECT_VERSION = 1;
				GENERATE_INFOPLIST_FILE = YES;
				IPHONEOS_DEPLOYMENT_TARGET = 18.4;
				MARKETING_VERSION = 1.0;
				PRODUCT_BUNDLE_IDENTIFIER = "com.ITI-IOS.ClimaSwiftTests";
				PRODUCT_NAME = "$(TARGET_NAME)";
				SWIFT_EMIT_LOC_STRINGS = NO;
				SWIFT_VERSION = 5.0;
				TARGETED_DEVICE_FAMILY = "1,2";
				TEST_HOST = "$(BUILT_PRODUCTS_DIR)/ClimaSwift.app/$(BUNDLE_EXECUTABLE_FOLDER_PATH)/ClimaSwift";
			};
			name = Release;
		};
		BECF27782FCDC908004980A1 /* Debug */ = {
			isa = XCBuildConfiguration;
			buildSettings = {
				CODE_SIGN_STYLE = Automatic;
				CURRENT_PROJECT_VERSION = 1;
				GENERATE_INFOPLIST_FILE = YES;
				MARKETING_VERSION = 1.0;
				PRODUCT_BUNDLE_IDENTIFIER = "com.ITI-IOS.ClimaSwiftUITests";
				PRODUCT_NAME = "$(TARGET_NAME)";
				SWIFT_EMIT_LOC_STRINGS = NO;
				SWIFT_VERSION = 5.0;
				TARGETED_DEVICE_FAMILY = "1,2";
				TEST_TARGET_NAME = ClimaSwift;
			};
			name = Debug;
		};
		BECF27792FCDC908004980A1 /* Release */ = {
			isa = XCBuildConfiguration;
			buildSettings = {
				CODE_SIGN_STYLE = Automatic;
				CURRENT_PROJECT_VERSION = 1;
				GENERATE_INFOPLIST_FILE = YES;
				MARKETING_VERSION = 1.0;
				PRODUCT_BUNDLE_IDENTIFIER = "com.ITI-IOS.ClimaSwiftUITests";
				PRODUCT_NAME = "$(TARGET_NAME)";
				SWIFT_EMIT_LOC_STRINGS = NO;
				SWIFT_VERSION = 5.0;
				TARGETED_DEVICE_FAMILY = "1,2";
				TEST_TARGET_NAME = ClimaSwift;
			};
			name = Release;
		};
/* End XCBuildConfiguration section */

/* Begin XCConfigurationList section */
		BECF27492FCDC905004980A1 /* Build configuration list for PBXProject "ClimaSwift" */ = {
			isa = XCConfigurationList;
			buildConfigurations = (
				BECF276F2FCDC908004980A1 /* Debug */,
				BECF27702FCDC908004980A1 /* Release */,
			);
			defaultConfigurationIsVisible = 0;
			defaultConfigurationName = Release;
		};
		BECF27712FCDC908004980A1 /* Build configuration list for PBXNativeTarget "ClimaSwift" */ = {
			isa = XCConfigurationList;
			buildConfigurations = (
				BECF27722FCDC908004980A1 /* Debug */,
				BECF27732FCDC908004980A1 /* Release */,
			);
			defaultConfigurationIsVisible = 0;
			defaultConfigurationName = Release;
		};
		BECF27742FCDC908004980A1 /* Build configuration list for PBXNativeTarget "ClimaSwiftTests" */ = {
			isa = XCConfigurationList;
			buildConfigurations = (
				BECF27752FCDC908004980A1 /* Debug */,
				BECF27762FCDC908004980A1 /* Release */,
			);
			defaultConfigurationIsVisible = 0;
			defaultConfigurationName = Release;
		};
		BECF27772FCDC908004980A1 /* Build configuration list for PBXNativeTarget "ClimaSwiftUITests" */ = {
			isa = XCConfigurationList;
			buildConfigurations = (
				BECF27782FCDC908004980A1 /* Debug */,
				BECF27792FCDC908004980A1 /* Release */,
			);
			defaultConfigurationIsVisible = 0;
			defaultConfigurationName = Release;
		};
/* End XCConfigurationList section */

/* Begin XCRemoteSwiftPackageReference section */
		BECF278B2FCDD95A004980A1 /* XCRemoteSwiftPackageReference "Swinject" */ = {
			isa = XCRemoteSwiftPackageReference;
			repositoryURL = "https://github.com/Swinject/Swinject";
			requirement = {
				kind = upToNextMajorVersion;
				minimumVersion = 2.10.0;
			};
		};
		BECF278E2FCDD96B004980A1 /* XCRemoteSwiftPackageReference "Alamofire" */ = {
			isa = XCRemoteSwiftPackageReference;
			repositoryURL = "https://github.com/Alamofire/Alamofire.git";
			requirement = {
				kind = upToNextMajorVersion;
				minimumVersion = 5.12.0;
			};
		};
		BECF27CC2FCDDAE1004980A1 /* XCRemoteSwiftPackageReference "SDWebImageSwiftUI" */ = {
			isa = XCRemoteSwiftPackageReference;
			repositoryURL = "https://github.com/SDWebImage/SDWebImageSwiftUI";
			requirement = {
				kind = upToNextMajorVersion;
				minimumVersion = 3.1.4;
			};
		};
/* End XCRemoteSwiftPackageReference section */

/* Begin XCSwiftPackageProductDependency section */
		BECF278C2FCDD95A004980A1 /* Swinject */ = {
			isa = XCSwiftPackageProductDependency;
			package = BECF278B2FCDD95A004980A1 /* XCRemoteSwiftPackageReference "Swinject" */;
			productName = Swinject;
		};
		BECF278F2FCDD96B004980A1 /* Alamofire */ = {
			isa = XCSwiftPackageProductDependency;
			package = BECF278E2FCDD96B004980A1 /* XCRemoteSwiftPackageReference "Alamofire" */;
			productName = Alamofire;
		};
		BECF27CD2FCDDAE1004980A1 /* SDWebImageSwiftUI */ = {
			isa = XCSwiftPackageProductDependency;
			package = BECF27CC2FCDDAE1004980A1 /* XCRemoteSwiftPackageReference "SDWebImageSwiftUI" */;
			productName = SDWebImageSwiftUI;
		};
/* End XCSwiftPackageProductDependency section */
	};
	rootObject = BECF27462FCDC905004980A1 /* Project object */;
}
